{
  "name": "near-claim-bot",
  "version": "1.0.0",
  "lockfileVersion": 2,
  "requires": true,
  "packages": {
    "": {
      "name": "near-claim-bot",
      "version": "1.0.0",
      "dependencies": {
        "near-api-js": "^0.47.0",
        "bignumber.js": "^9.1.1",
        "figlet": "^1.5.0"
      }
    },
    "node_modules/bignumber.js": {
      "version": "9.1.1",
      "resolved": "https://registry.npmjs.org/bignumber.js/-/bignumber.js-9.1.1.tgz",
      "integrity": "sha512-5s/4OIP94kWZf4FWIbiwNZdH7ogB3Y7dujZVqYUBOjCNqUyscRIt50DkUgNxjYp3W8+ZRoG3C4aRitddp8q8aIA=="
    },
    "node_modules/figlet": {
      "version": "1.5.0",
      "resolved": "https://registry.npmjs.org/figlet/-/figlet-1.5.0.tgz",
      "integrity": "sha512-rWqH4MKcXh1WZgG8ME7eNUrMI18D+yMReaSTvIpjX4GZ4h6RgfkNEQLduHpIZhCq6u5AcGZhx5TKMo0u7wiqZg=="
    },
    "node_modules/near-api-js": {
      "version": "0.47.0",
      "resolved": "https://registry.npmjs.org/near-api-js/-/near-api-js-0.47.0.tgz",
      "integrity": "sha512-+YJFl1HkDhTBheW5f05Q1wRWeqMmz/XYqfDwAGpZqS9FY9xIYpZlJzAb1KlWgFbHv/8G0b1gjh0W1m7n1z5ZUw=="
    }
  }
}
