{
  "name": "hotnearwallet",
  "version": "1.0.0",
  "lockfileVersion": 1,
  "dependencies": {
    "bignumber.js": {
      "version": "9.0.1",
      "resolved": "https://registry.npmjs.org/bignumber.js/-/bignumber.js-9.0.1.tgz",
      "integrity": "sha512-xB5hCIVPWTQCEY+F9rT0sf9FZcU1mHh6KJ1uVm+yb6HcT2cPcN3rH3Qfhc8UO2tc3c8LDk1FuCoxRAO1tfNRMA=="
    },
    "figlet": {
      "version": "1.5.0",
      "resolved": "https://registry.npmjs.org/figlet/-/figlet-1.5.0.tgz",
      "integrity": "sha512-fD2AVswTO9ebSSmJvw2o7xM3aH8jY/N4BYTyS1xt2M5F3IOgysEv4/ZByW06bN9WZ1R68plXeCXGTeOd+q2JAA=="
    },
    "near-api-js": {
      "version": "0.46.0",
      "resolved": "https://registry.npmjs.org/near-api-js/-/near-api-js-0.46.0.tgz",
      "integrity": "sha512-XXm4lYDD64Q53W+pm0WhPU8CyIN1C0mOWpp5dF4M4qPSW5OKWgM9m8E4T6bOSQ8Cf5Xx5RPjx2RAuFluP5H1eA=="
    }
  }
}
